{
  "originHash" : "9168f251eb9fe85acaf814e38030bbb5e5f5bda3b2faf88bf1233556b236e7b5",
  "pins" : [
    {
      "identity" : "fscalendar",
      "kind" : "remoteSourceControl",
      "location" : "https://github.com/WenchaoD/FSCalendar.git",
      "state" : {
        "revision" : "0fbdec5172fccb90f707472eeaea4ffe095278f6",
        "version" : "2.8.4"
      }
    },
    {
      "identity" : "inject",
      "kind" : "remoteSourceControl",
      "location" : "https://github.com/krzysztofzablocki/Inject.git",
      "state" : {
        "revision" : "728c56639ecb3df441d51d5bc6747329afabcfc9",
        "version" : "1.5.2"
      }
    }
  ],
  "version" : 3
}
