// !$*UTF8*$!
{
	archiveVersion = 1;
	classes = {
	};
	objectVersion = 77;
	objects = {

/* Begin PBXBuildFile section */
		DF4136B42D45898000300CC1 /* FSCalendar in Frameworks */ = {isa = PBXBuildFile; productRef = DF4136B32D45898000300CC1 /* FSCalendar */; };
/* End PBXBuildFile section */

/* Begin PBXContainerItemProxy section */
		DF6E94D02CDC192300BC6888 /* PBXContainerItemProxy */ = {
			isa = PBXContainerItemProxy;
			containerPortal = DF6E94B12CDC192200BC6888 /* Project object */;
			proxyType = 1;
			remoteGlobalIDString = DF6E94B82CDC192200BC6888;
			remoteInfo = Exercise;
		};
		DF6E94DA2CDC192400BC6888 /* PBXContainerItemProxy */ = {
			isa = PBXContainerItemProxy;
			containerPortal = DF6E94B12CDC192200BC6888 /* Project object */;
			proxyType = 1;
			remoteGlobalIDString = DF6E94B82CDC192200BC6888;
			remoteInfo = Exercise;
		};
/* End PBXContainerItemProxy section */

/* Begin PBXFileReference section */
		DF6E94B92CDC192200BC6888 /* Exercise.app */ = {isa = PBXFileReference; explicitFileType = wrapper.application; includeInIndex = 0; path = Exercise.app; sourceTree = BUILT_PRODUCTS_DIR; };
		DF6E94CF2CDC192300BC6888 /* ExerciseTests.xctest */ = {isa = PBXFileReference; explicitFileType = wrapper.cfbundle; includeInIndex = 0; path = ExerciseTests.xctest; sourceTree = BUILT_PRODUCTS_DIR; };
		DF6E94D92CDC192400BC6888 /* ExerciseUITests.xctest */ = {isa = PBXFileReference; explicitFileType = wrapper.cfbundle; includeInIndex = 0; path = ExerciseUITests.xctest; sourceTree = BUILT_PRODUCTS_DIR; };
/* End PBXFileReference section */

/* Begin PBXFileSystemSynchronizedBuildFileExceptionSet section */
		DF6E94E12CDC192400BC6888 /* Exceptions for "Exercise" folder in "Exercise" target */ = {
			isa = PBXFileSystemSynchronizedBuildFileExceptionSet;
			membershipExceptions = (
				Info.plist,
			);
			target = DF6E94B82CDC192200BC6888 /* Exercise */;
		};
/* End PBXFileSystemSynchronizedBuildFileExceptionSet section */

/* Begin PBXFileSystemSynchronizedRootGroup section */
		DF6E94BB2CDC192200BC6888 /* Exercise */ = {
			isa = PBXFileSystemSynchronizedRootGroup;
			exceptions = (
				DF6E94E12CDC192400BC6888 /* Exceptions for "Exercise" folder in "Exercise" target */,
			);
			path = Exercise;
			sourceTree = "<group>";
		};
		DF6E94D22CDC192300BC6888 /* ExerciseTests */ = {
			isa = PBXFileSystemSynchronizedRootGroup;
			path = ExerciseTests;
			sourceTree = "<group>";
		};
		DF6E94DC2CDC192400BC6888 /* ExerciseUITests */ = {
			isa = PBXFileSystemSynchronizedRootGroup;
			path = ExerciseUITests;
			sourceTree = "<group>";
		};
/* End PBXFileSystemSynchronizedRootGroup section */

/* Begin PBXFrameworksBuildPhase section */
		DF6E94B62CDC192200BC6888 /* Frameworks */ = {
			isa = PBXFrameworksBuildPhase;
			buildActionMask = 2147483647;
			files = (
				DF4136B42D45898000300CC1 /* FSCalendar in Frameworks */,
			);
			runOnlyForDeploymentPostprocessing = 0;
		};
		DF6E94CC2CDC192300BC6888 /* Frameworks */ = {
			isa = PBXFrameworksBuildPhase;
			buildActionMask = 2147483647;
			files = (
			);
			runOnlyForDeploymentPostprocessing = 0;
		};
		DF6E94D62CDC192400BC6888 /* Frameworks */ = {
			isa = PBXFrameworksBuildPhase;
			buildActionMask = 2147483647;
			files = (
			);
			runOnlyForDeploymentPostprocessing = 0;
		};
/* End PBXFrameworksBuildPhase section */

/* Begin PBXGroup section */
		DF4136B22D45897200300CC1 /* Frameworks */ = {
			isa = PBXGroup;
			children = (
			);
			name = Frameworks;
			sourceTree = "<group>";
		};
		DF6E94B02CDC192200BC6888 = {
			isa = PBXGroup;
			children = (
				DF6E94BB2CDC192200BC6888 /* Exercise */,
				DF6E94D22CDC192300BC6888 /* ExerciseTests */,
				DF6E94DC2CDC192400BC6888 /* ExerciseUITests */,
				DF4136B22D45897200300CC1 /* Frameworks */,
				DF6E94BA2CDC192200BC6888 /* Products */,
			);
			sourceTree = "<group>";
		};
		DF6E94BA2CDC192200BC6888 /* Products */ = {
			isa = PBXGroup;
			children = (
				DF6E94B92CDC192200BC6888 /* Exercise.app */,
				DF6E94CF2CDC192300BC6888 /* ExerciseTests.xctest */,
				DF6E94D92CDC192400BC6888 /* ExerciseUITests.xctest */,
			);
			name = Products;
			sourceTree = "<group>";
		};
/* End PBXGroup section */

/* Begin PBXNativeTarget section */
		DF6E94B82CDC192200BC6888 /* Exercise */ = {
			isa = PBXNativeTarget;
			buildConfigurationList = DF6E94E22CDC192400BC6888 /* Build configuration list for PBXNativeTarget "Exercise" */;
			buildPhases = (
				DF6E94B52CDC192200BC6888 /* Sources */,
				DF6E94B62CDC192200BC6888 /* Frameworks */,
				DF6E94B72CDC192200BC6888 /* Resources */,
			);
			buildRules = (
			);
			dependencies = (
			);
			fileSystemSynchronizedGroups = (
				DF6E94BB2CDC192200BC6888 /* Exercise */,
			);
			name = Exercise;
			packageProductDependencies = (
				DF4136B32D45898000300CC1 /* FSCalendar */,
			);
			productName = Exercise;
			productReference = DF6E94B92CDC192200BC6888 /* Exercise.app */;
			productType = "com.apple.product-type.application";
		};
		DF6E94CE2CDC192300BC6888 /* ExerciseTests */ = {
			isa = PBXNativeTarget;
			buildConfigurationList = DF6E94E72CDC192400BC6888 /* Build configuration list for PBXNativeTarget "ExerciseTests" */;
			buildPhases = (
				DF6E94CB2CDC192300BC6888 /* Sources */,
				DF6E94CC2CDC192300BC6888 /* Frameworks */,
				DF6E94CD2CDC192300BC6888 /* Resources */,
			);
			buildRules = (
			);
			dependencies = (
				DF6E94D12CDC192300BC6888 /* PBXTargetDependency */,
			);
			fileSystemSynchronizedGroups = (
				DF6E94D22CDC192300BC6888 /* ExerciseTests */,
			);
			name = ExerciseTests;
			packageProductDependencies = (
			);
			productName = ExerciseTests;
			productReference = DF6E94CF2CDC192300BC6888 /* ExerciseTests.xctest */;
			productType = "com.apple.product-type.bundle.unit-test";
		};
		DF6E94D82CDC192400BC6888 /* ExerciseUITests */ = {
			isa = PBXNativeTarget;
			buildConfigurationList = DF6E94EA2CDC192400BC6888 /* Build configuration list for PBXNativeTarget "ExerciseUITests" */;
			buildPhases = (
				DF6E94D52CDC192400BC6888 /* Sources */,
				DF6E94D62CDC192400BC6888 /* Frameworks */,
				DF6E94D72CDC192400BC6888 /* Resources */,
			);
			buildRules = (
			);
			dependencies = (
				DF6E94DB2CDC192400BC6888 /* PBXTargetDependency */,
			);
			fileSystemSynchronizedGroups = (
				DF6E94DC2CDC192400BC6888 /* ExerciseUITests */,
			);
			name = ExerciseUITests;
			packageProductDependencies = (
			);
			productName = ExerciseUITests;
			productReference = DF6E94D92CDC192400BC6888 /* ExerciseUITests.xctest */;
			productType = "com.apple.product-type.bundle.ui-testing";
		};
/* End PBXNativeTarget section */

/* Begin PBXProject section */
		DF6E94B12CDC192200BC6888 /* Project object */ = {
			isa = PBXProject;
			attributes = {
				BuildIndependentTargetsInParallel = 1;
				LastSwiftUpdateCheck = 1610;
				LastUpgradeCheck = 1610;
				TargetAttributes = {
					DF6E94B82CDC192200BC6888 = {
						CreatedOnToolsVersion = 16.1;
					};
					DF6E94CE2CDC192300BC6888 = {
						CreatedOnToolsVersion = 16.1;
						TestTargetID = DF6E94B82CDC192200BC6888;
					};
					DF6E94D82CDC192400BC6888 = {
						CreatedOnToolsVersion = 16.1;
						TestTargetID = DF6E94B82CDC192200BC6888;
					};
				};
			};
			buildConfigurationList = DF6E94B42CDC192200BC6888 /* Build configuration list for PBXProject "Exercise" */;
			developmentRegion = en;
			hasScannedForEncodings = 0;
			knownRegions = (
				en,
				Base,
			);
			mainGroup = DF6E94B02CDC192200BC6888;
			minimizedProjectReferenceProxies = 1;
			packageReferences = (
				DF4136B12D4587F400300CC1 /* XCRemoteSwiftPackageReference "FSCalendar" */,
				DF002F952D616C630065853A /* XCRemoteSwiftPackageReference "Inject" */,
			);
			preferredProjectObjectVersion = 77;
			productRefGroup = DF6E94BA2CDC192200BC6888 /* Products */;
			projectDirPath = "";
			projectRoot = "";
			targets = (
				DF6E94B82CDC192200BC6888 /* Exercise */,
				DF6E94CE2CDC192300BC6888 /* ExerciseTests */,
				DF6E94D82CDC192400BC6888 /* ExerciseUITests */,
			);
		};
/* End PBXProject section */

/* Begin PBXResourcesBuildPhase section */
		DF6E94B72CDC192200BC6888 /* Resources */ = {
			isa = PBXResourcesBuildPhase;
			buildActionMask = 2147483647;
			files = (
			);
			runOnlyForDeploymentPostprocessing = 0;
		};
		DF6E94CD2CDC192300BC6888 /* Resources */ = {
			isa = PBXResourcesBuildPhase;
			buildActionMask = 2147483647;
			files = (
			);
			runOnlyForDeploymentPostprocessing = 0;
		};
		DF6E94D72CDC192400BC6888 /* Resources */ = {
			isa = PBXResourcesBuildPhase;
			buildActionMask = 2147483647;
			files = (
			);
			runOnlyForDeploymentPostprocessing = 0;
		};
/* End PBXResourcesBuildPhase section */

/* Begin PBXSourcesBuildPhase section */
		DF6E94B52CDC192200BC6888 /* Sources */ = {
			isa = PBXSourcesBuildPhase;
			buildActionMask = 2147483647;
			files = (
			);
			runOnlyForDeploymentPostprocessing = 0;
		};
		DF6E94CB2CDC192300BC6888 /* Sources */ = {
			isa = PBXSourcesBuildPhase;
			buildActionMask = 2147483647;
			files = (
			);
			runOnlyForDeploymentPostprocessing = 0;
		};
		DF6E94D52CDC192400BC6888 /* Sources */ = {
			isa = PBXSourcesBuildPhase;
			buildActionMask = 2147483647;
			files = (
			);
			runOnlyForDeploymentPostprocessing = 0;
		};
/* End PBXSourcesBuildPhase section */

/* Begin PBXTargetDependency section */
		DF6E94D12CDC192300BC6888 /* PBXTargetDependency */ = {
			isa = PBXTargetDependency;
			target = DF6E94B82CDC192200BC6888 /* Exercise */;
			targetProxy = DF6E94D02CDC192300BC6888 /* PBXContainerItemProxy */;
		};
		DF6E94DB2CDC192400BC6888 /* PBXTargetDependency */ = {
			isa = PBXTargetDependency;
			target = DF6E94B82CDC192200BC6888 /* Exercise */;
			targetProxy = DF6E94DA2CDC192400BC6888 /* PBXContainerItemProxy */;
		};
/* End PBXTargetDependency section */

/* Begin XCBuildConfiguration section */
		DF6E94E32CDC192400BC6888 /* Debug */ = {
			isa = XCBuildConfiguration;
			buildSettings = {
				ASSETCATALOG_COMPILER_APPICON_NAME = AppIcon;
				ASSETCATALOG_COMPILER_GLOBAL_ACCENT_COLOR_NAME = AccentColor;
				CODE_SIGN_STYLE = Automatic;
				CURRENT_PROJECT_VERSION = 1;
				DEVELOPMENT_TEAM = 74DF6CK986;
				GENERATE_INFOPLIST_FILE = YES;
				INFOPLIST_FILE = Exercise/Info.plist;
				INFOPLIST_KEY_NSCameraUsageDescription = "앱에서 카메라를 사용하여 운동을 분석합니다.";
				INFOPLIST_KEY_UIApplicationSupportsIndirectInputEvents = YES;
				INFOPLIST_KEY_UILaunchStoryboardName = LaunchScreen;
				INFOPLIST_KEY_UIMainStoryboardFile = Main;
				INFOPLIST_KEY_UISupportedInterfaceOrientations_iPad = "UIInterfaceOrientationPortrait UIInterfaceOrientationPortraitUpsideDown UIInterfaceOrientationLandscapeLeft UIInterfaceOrientationLandscapeRight";
				INFOPLIST_KEY_UISupportedInterfaceOrientations_iPhone = "UIInterfaceOrientationPortrait UIInterfaceOrientationLandscapeLeft UIInterfaceOrientationLandscapeRight";
				IPHONEOS_DEPLOYMENT_TARGET = 18.0;
				LD_RUNPATH_SEARCH_PATHS = (
					"$(inherited)",
					"@executable_path/Frameworks",
				);
				MARKETING_VERSION = 1.0;
				OTHER_LDFLAGS = "";
				PRODUCT_BUNDLE_IDENTIFIER = net.hjsong.exercise;
				PRODUCT_NAME = "$(TARGET_NAME)";
				SWIFT_EMIT_LOC_STRINGS = YES;
				SWIFT_VERSION = 5.0;
				TARGETED_DEVICE_FAMILY = "1,2";
			};
			name = Debug;
		};
		DF6E94E42CDC192400BC6888 /* Release */ = {
			isa = XCBuildConfiguration;
			buildSettings = {
				ASSETCATALOG_COMPILER_APPICON_NAME = AppIcon;
				ASSETCATALOG_COMPILER_GLOBAL_ACCENT_COLOR_NAME = AccentColor;
				CODE_SIGN_STYLE = Automatic;
				CURRENT_PROJECT_VERSION = 1;
				DEVELOPMENT_TEAM = 74DF6CK986;
				GENERATE_INFOPLIST_FILE = YES;
				INFOPLIST_FILE = Exercise/Info.plist;
				INFOPLIST_KEY_NSCameraUsageDescription = "앱에서 카메라를 사용하여 운동을 분석합니다.";
				INFOPLIST_KEY_UIApplicationSupportsIndirectInputEvents = YES;
				INFOPLIST_KEY_UILaunchStoryboardName = LaunchScreen;
				INFOPLIST_KEY_UIMainStoryboardFile = Main;
				INFOPLIST_KEY_UISupportedInterfaceOrientations_iPad = "UIInterfaceOrientationPortrait UIInterfaceOrientationPortraitUpsideDown UIInterfaceOrientationLandscapeLeft UIInterfaceOrientationLandscapeRight";
				INFOPLIST_KEY_UISupportedInterfaceOrientations_iPhone = "UIInterfaceOrientationPortrait UIInterfaceOrientationLandscapeLeft UIInterfaceOrientationLandscapeRight";
				IPHONEOS_DEPLOYMENT_TARGET = 18.0;
				LD_RUNPATH_SEARCH_PATHS = (
					"$(inherited)",
					"@executable_path/Frameworks",
				);
				MARKETING_VERSION = 1.0;
				OTHER_LDFLAGS = "";
				PRODUCT_BUNDLE_IDENTIFIER = net.hjsong.exercise;
				PRODUCT_NAME = "$(TARGET_NAME)";
				SWIFT_EMIT_LOC_STRINGS = YES;
				SWIFT_VERSION = 5.0;
				TARGETED_DEVICE_FAMILY = "1,2";
			};
			name = Release;
		};
		DF6E94E52CDC192400BC6888 /* Debug */ = {
			isa = XCBuildConfiguration;
			buildSettings = {
				ALWAYS_SEARCH_USER_PATHS = NO;
				ASSETCATALOG_COMPILER_GENERATE_SWIFT_ASSET_SYMBOL_EXTENSIONS = YES;
				CLANG_ANALYZER_NONNULL = YES;
				CLANG_ANALYZER_NUMBER_OBJECT_CONVERSION = YES_AGGRESSIVE;
				CLANG_CXX_LANGUAGE_STANDARD = "gnu++20";
				CLANG_ENABLE_MODULES = YES;
				CLANG_ENABLE_OBJC_ARC = YES;
				CLANG_ENABLE_OBJC_WEAK = YES;
				CLANG_WARN_BLOCK_CAPTURE_AUTORELEASING = YES;
				CLANG_WARN_BOOL_CONVERSION = YES;
				CLANG_WARN_COMMA = YES;
				CLANG_WARN_CONSTANT_CONVERSION = YES;
				CLANG_WARN_DEPRECATED_OBJC_IMPLEMENTATIONS = YES;
				CLANG_WARN_DIRECT_OBJC_ISA_USAGE = YES_ERROR;
				CLANG_WARN_DOCUMENTATION_COMMENTS = YES;
				CLANG_WARN_EMPTY_BODY = YES;
				CLANG_WARN_ENUM_CONVERSION = YES;
				CLANG_WARN_INFINITE_RECURSION = YES;
				CLANG_WARN_INT_CONVERSION = YES;
				CLANG_WARN_NON_LITERAL_NULL_CONVERSION = YES;
				CLANG_WARN_OBJC_IMPLICIT_RETAIN_SELF = YES;
				CLANG_WARN_OBJC_LITERAL_CONVERSION = YES;
				CLANG_WARN_OBJC_ROOT_CLASS = YES_ERROR;
				CLANG_WARN_QUOTED_INCLUDE_IN_FRAMEWORK_HEADER = YES;
				CLANG_WARN_RANGE_LOOP_ANALYSIS = YES;
				CLANG_WARN_STRICT_PROTOTYPES = YES;
				CLANG_WARN_SUSPICIOUS_MOVE = YES;
				CLANG_WARN_UNGUARDED_AVAILABILITY = YES_AGGRESSIVE;
				CLANG_WARN_UNREACHABLE_CODE = YES;
				CLANG_WARN__DUPLICATE_METHOD_MATCH = YES;
				COPY_PHASE_STRIP = NO;
				DEBUG_INFORMATION_FORMAT = dwarf;
				ENABLE_STRICT_OBJC_MSGSEND = YES;
				ENABLE_TESTABILITY = YES;
				ENABLE_USER_SCRIPT_SANDBOXING = YES;
				GCC_C_LANGUAGE_STANDARD = gnu17;
				GCC_DYNAMIC_NO_PIC = NO;
				GCC_NO_COMMON_BLOCKS = YES;
				GCC_OPTIMIZATION_LEVEL = 0;
				GCC_PREPROCESSOR_DEFINITIONS = (
					"DEBUG=1",
					"$(inherited)",
				);
				GCC_WARN_64_TO_32_BIT_CONVERSION = YES;
				GCC_WARN_ABOUT_RETURN_TYPE = YES_ERROR;
				GCC_WARN_UNDECLARED_SELECTOR = YES;
				GCC_WARN_UNINITIALIZED_AUTOS = YES_AGGRESSIVE;
				GCC_WARN_UNUSED_FUNCTION = YES;
				GCC_WARN_UNUSED_VARIABLE = YES;
				IPHONEOS_DEPLOYMENT_TARGET = 18.1;
				LOCALIZATION_PREFERS_STRING_CATALOGS = YES;
				MTL_ENABLE_DEBUG_INFO = INCLUDE_SOURCE;
				MTL_FAST_MATH = YES;
				ONLY_ACTIVE_ARCH = YES;
				SDKROOT = iphoneos;
				SWIFT_ACTIVE_COMPILATION_CONDITIONS = "DEBUG $(inherited)";
				SWIFT_OPTIMIZATION_LEVEL = "-Onone";
			};
			name = Debug;
		};
		DF6E94E62CDC192400BC6888 /* Release */ = {
			isa = XCBuildConfiguration;
			buildSettings = {
				ALWAYS_SEARCH_USER_PATHS = NO;
				ASSETCATALOG_COMPILER_GENERATE_SWIFT_ASSET_SYMBOL_EXTENSIONS = YES;
				CLANG_ANALYZER_NONNULL = YES;
				CLANG_ANALYZER_NUMBER_OBJECT_CONVERSION = YES_AGGRESSIVE;
				CLANG_CXX_LANGUAGE_STANDARD = "gnu++20";
				CLANG_ENABLE_MODULES = YES;
				CLANG_ENABLE_OBJC_ARC = YES;
				CLANG_ENABLE_OBJC_WEAK = YES;
				CLANG_WARN_BLOCK_CAPTURE_AUTORELEASING = YES;
				CLANG_WARN_BOOL_CONVERSION = YES;
				CLANG_WARN_COMMA = YES;
				CLANG_WARN_CONSTANT_CONVERSION = YES;
				CLANG_WARN_DEPRECATED_OBJC_IMPLEMENTATIONS = YES;
				CLANG_WARN_DIRECT_OBJC_ISA_USAGE = YES_ERROR;
				CLANG_WARN_DOCUMENTATION_COMMENTS = YES;
				CLANG_WARN_EMPTY_BODY = YES;
				CLANG_WARN_ENUM_CONVERSION = YES;
				CLANG_WARN_INFINITE_RECURSION = YES;
				CLANG_WARN_INT_CONVERSION = YES;
				CLANG_WARN_NON_LITERAL_NULL_CONVERSION = YES;
				CLANG_WARN_OBJC_IMPLICIT_RETAIN_SELF = YES;
				CLANG_WARN_OBJC_LITERAL_CONVERSION = YES;
				CLANG_WARN_OBJC_ROOT_CLASS = YES_ERROR;
				CLANG_WARN_QUOTED_INCLUDE_IN_FRAMEWORK_HEADER = YES;
				CLANG_WARN_RANGE_LOOP_ANALYSIS = YES;
				CLANG_WARN_STRICT_PROTOTYPES = YES;
				CLANG_WARN_SUSPICIOUS_MOVE = YES;
				CLANG_WARN_UNGUARDED_AVAILABILITY = YES_AGGRESSIVE;
				CLANG_WARN_UNREACHABLE_CODE = YES;
				CLANG_WARN__DUPLICATE_METHOD_MATCH = YES;
				COPY_PHASE_STRIP = NO;
				DEBUG_INFORMATION_FORMAT = "dwarf-with-dsym";
				ENABLE_NS_ASSERTIONS = NO;
				ENABLE_STRICT_OBJC_MSGSEND = YES;
				ENABLE_USER_SCRIPT_SANDBOXING = YES;
				GCC_C_LANGUAGE_STANDARD = gnu17;
				GCC_NO_COMMON_BLOCKS = YES;
				GCC_WARN_64_TO_32_BIT_CONVERSION = YES;
				GCC_WARN_ABOUT_RETURN_TYPE = YES_ERROR;
				GCC_WARN_UNDECLARED_SELECTOR = YES;
				GCC_WARN_UNINITIALIZED_AUTOS = YES_AGGRESSIVE;
				GCC_WARN_UNUSED_FUNCTION = YES;
				GCC_WARN_UNUSED_VARIABLE = YES;
				IPHONEOS_DEPLOYMENT_TARGET = 18.1;
				LOCALIZATION_PREFERS_STRING_CATALOGS = YES;
				MTL_ENABLE_DEBUG_INFO = NO;
				MTL_FAST_MATH = YES;
				SDKROOT = iphoneos;
				SWIFT_COMPILATION_MODE = wholemodule;
				VALIDATE_PRODUCT = YES;
			};
			name = Release;
		};
		DF6E94E82CDC192400BC6888 /* Debug */ = {
			isa = XCBuildConfiguration;
			buildSettings = {
				BUNDLE_LOADER = "$(TEST_HOST)";
				CODE_SIGN_STYLE = Automatic;
				CURRENT_PROJECT_VERSION = 1;
				DEVELOPMENT_TEAM = 74DF6CK986;
				GENERATE_INFOPLIST_FILE = YES;
				IPHONEOS_DEPLOYMENT_TARGET = 18.1;
				MARKETING_VERSION = 1.0;
				PRODUCT_BUNDLE_IDENTIFIER = net.hjsong.ExerciseTests;
				PRODUCT_NAME = "$(TARGET_NAME)";
				SWIFT_EMIT_LOC_STRINGS = NO;
				SWIFT_VERSION = 5.0;
				TARGETED_DEVICE_FAMILY = "1,2";
				TEST_HOST = "$(BUILT_PRODUCTS_DIR)/Exercise.app/$(BUNDLE_EXECUTABLE_FOLDER_PATH)/Exercise";
			};
			name = Debug;
		};
		DF6E94E92CDC192400BC6888 /* Release */ = {
			isa = XCBuildConfiguration;
			buildSettings = {
				BUNDLE_LOADER = "$(TEST_HOST)";
				CODE_SIGN_STYLE = Automatic;
				CURRENT_PROJECT_VERSION = 1;
				DEVELOPMENT_TEAM = 74DF6CK986;
				GENERATE_INFOPLIST_FILE = YES;
				IPHONEOS_DEPLOYMENT_TARGET = 18.1;
				MARKETING_VERSION = 1.0;
				PRODUCT_BUNDLE_IDENTIFIER = net.hjsong.ExerciseTests;
				PRODUCT_NAME = "$(TARGET_NAME)";
				SWIFT_EMIT_LOC_STRINGS = NO;
				SWIFT_VERSION = 5.0;
				TARGETED_DEVICE_FAMILY = "1,2";
				TEST_HOST = "$(BUILT_PRODUCTS_DIR)/Exercise.app/$(BUNDLE_EXECUTABLE_FOLDER_PATH)/Exercise";
			};
			name = Release;
		};
		DF6E94EB2CDC192400BC6888 /* Debug */ = {
			isa = XCBuildConfiguration;
			buildSettings = {
				CODE_SIGN_STYLE = Automatic;
				CURRENT_PROJECT_VERSION = 1;
				DEVELOPMENT_TEAM = 74DF6CK986;
				GENERATE_INFOPLIST_FILE = YES;
				MARKETING_VERSION = 1.0;
				PRODUCT_BUNDLE_IDENTIFIER = net.hjsong.ExerciseUITests;
				PRODUCT_NAME = "$(TARGET_NAME)";
				SWIFT_EMIT_LOC_STRINGS = NO;
				SWIFT_VERSION = 5.0;
				TARGETED_DEVICE_FAMILY = "1,2";
				TEST_TARGET_NAME = Exercise;
			};
			name = Debug;
		};
		DF6E94EC2CDC192400BC6888 /* Release */ = {
			isa = XCBuildConfiguration;
			buildSettings = {
				CODE_SIGN_STYLE = Automatic;
				CURRENT_PROJECT_VERSION = 1;
				DEVELOPMENT_TEAM = 74DF6CK986;
				GENERATE_INFOPLIST_FILE = YES;
				MARKETING_VERSION = 1.0;
				PRODUCT_BUNDLE_IDENTIFIER = net.hjsong.ExerciseUITests;
				PRODUCT_NAME = "$(TARGET_NAME)";
				SWIFT_EMIT_LOC_STRINGS = NO;
				SWIFT_VERSION = 5.0;
				TARGETED_DEVICE_FAMILY = "1,2";
				TEST_TARGET_NAME = Exercise;
			};
			name = Release;
		};
/* End XCBuildConfiguration section */

/* Begin XCConfigurationList section */
		DF6E94B42CDC192200BC6888 /* Build configuration list for PBXProject "Exercise" */ = {
			isa = XCConfigurationList;
			buildConfigurations = (
				DF6E94E52CDC192400BC6888 /* Debug */,
				DF6E94E62CDC192400BC6888 /* Release */,
			);
			defaultConfigurationIsVisible = 0;
			defaultConfigurationName = Release;
		};
		DF6E94E22CDC192400BC6888 /* Build configuration list for PBXNativeTarget "Exercise" */ = {
			isa = XCConfigurationList;
			buildConfigurations = (
				DF6E94E32CDC192400BC6888 /* Debug */,
				DF6E94E42CDC192400BC6888 /* Release */,
			);
			defaultConfigurationIsVisible = 0;
			defaultConfigurationName = Release;
		};
		DF6E94E72CDC192400BC6888 /* Build configuration list for PBXNativeTarget "ExerciseTests" */ = {
			isa = XCConfigurationList;
			buildConfigurations = (
				DF6E94E82CDC192400BC6888 /* Debug */,
				DF6E94E92CDC192400BC6888 /* Release */,
			);
			defaultConfigurationIsVisible = 0;
			defaultConfigurationName = Release;
		};
		DF6E94EA2CDC192400BC6888 /* Build configuration list for PBXNativeTarget "ExerciseUITests" */ = {
			isa = XCConfigurationList;
			buildConfigurations = (
				DF6E94EB2CDC192400BC6888 /* Debug */,
				DF6E94EC2CDC192400BC6888 /* Release */,
			);
			defaultConfigurationIsVisible = 0;
			defaultConfigurationName = Release;
		};
/* End XCConfigurationList section */

/* Begin XCRemoteSwiftPackageReference section */
		DF002F952D616C630065853A /* XCRemoteSwiftPackageReference "Inject" */ = {
			isa = XCRemoteSwiftPackageReference;
			repositoryURL = "https://github.com/krzysztofzablocki/Inject.git";
			requirement = {
				kind = upToNextMajorVersion;
				minimumVersion = 1.5.2;
			};
		};
		DF4136B12D4587F400300CC1 /* XCRemoteSwiftPackageReference "FSCalendar" */ = {
			isa = XCRemoteSwiftPackageReference;
			repositoryURL = "https://github.com/WenchaoD/FSCalendar.git";
			requirement = {
				kind = upToNextMajorVersion;
				minimumVersion = 2.8.4;
			};
		};
/* End XCRemoteSwiftPackageReference section */

/* Begin XCSwiftPackageProductDependency section */
		DF4136B32D45898000300CC1 /* FSCalendar */ = {
			isa = XCSwiftPackageProductDependency;
			package = DF4136B12D4587F400300CC1 /* XCRemoteSwiftPackageReference "FSCalendar" */;
			productName = FSCalendar;
		};
/* End XCSwiftPackageProductDependency section */
	};
	rootObject = DF6E94B12CDC192200BC6888 /* Project object */;
}
